
Microsoft Visual Studio Solution File, Format Version 12.00
# Visual Studio 15
VisualStudioVersion = 15.0.27004.2002
MinimumVisualStudioVersion = 10.0.40219.1
Project("{FAE04EC0-301F-11D3-BF4B-00C04F79EFBC}") = "SHBL.SPT.Model", "SHBL.SPT.Model\SHBL.SPT.Model.csproj", "{FBDE09F0-A281-42A6-B6A3-743E311323F1}"
EndProject
Project("{FAE04EC0-301F-11D3-BF4B-00C04F79EFBC}") = "SHBL.SPT.DAL", "SHBL.SPT.DAL\SHBL.SPT.DAL.csproj", "{836648D8-793B-4728-8804-F49890389021}"
EndProject
Project("{FAE04EC0-301F-11D3-BF4B-00C04F79EFBC}") = "SHBL.SPT.UI.WebApi", "SHBL.SPT.Web.Api\SHBL.SPT.UI.WebApi.csproj", "{83B5D473-E507-486E-B593-AC79038CDAEC}"
EndProject
Project("{FAE04EC0-301F-11D3-BF4B-00C04F79EFBC}") = "SHBL.SPT.DALFactory", "SHBL.SPT.DALFactory\SHBL.SPT.DALFactory.csproj", "{CBEB60E3-FB50-454B-BB51-993C7F9EC4E6}"
EndProject
Project("{FAE04EC0-301F-11D3-BF4B-00C04F79EFBC}") = "SHBL.SPT.BASE", "SHBL.SPT.BASE\SHBL.SPT.BASE.csproj", "{1ADEF882-4613-4E2B-AE60-5CB78EA717E6}"
EndProject
Project("{FAE04EC0-301F-11D3-BF4B-00C04F79EFBC}") = "SHBL.SPT.Web.UI", "SHBL.SPT.Web.UI\SHBL.SPT.Web.UI.csproj", "{AC6573DF-8020-4B3C-8D0F-0ED79E04DB40}"
EndProject
Project("{FAE04EC0-301F-11D3-BF4B-00C04F79EFBC}") = "SHBL.SPT.UI.Model", "SHBL.SPT.UI.Model\SHBL.SPT.UI.Model.csproj", "{863DE0CF-332D-4541-B399-EAA9C692C239}"
EndProject
Project("{FAE04EC0-301F-11D3-BF4B-00C04F79EFBC}") = "SHBL.SPT.ApiFactory", "SHBL.SPT.ApiFactory\SHBL.SPT.ApiFactory.csproj", "{C94F5E11-1714-450A-B5EA-2115A6910FC8}"
EndProject
Project("{FAE04EC0-301F-11D3-BF4B-00C04F79EFBC}") = "SHBL.SPT.Business", "SHBL.SPT.Business\SHBL.SPT.Business.csproj", "{61D96BEB-CA46-4D42-9968-4C00AB1052B8}"
EndProject
Project("{FAE04EC0-301F-11D3-BF4B-00C04F79EFBC}") = "SHBL.SPT.DAL.Repository", "SHBL.SPT.DAL.Repository\SHBL.SPT.DAL.Repository.csproj", "{F7126F35-1349-4628-964A-922A61102416}"
EndProject
Global
	GlobalSection(SolutionConfigurationPlatforms) = preSolution
		Debug|Any CPU = Debug|Any CPU
		Release|Any CPU = Release|Any CPU
	EndGlobalSection
	GlobalSection(ProjectConfigurationPlatforms) = postSolution
		{FBDE09F0-A281-42A6-B6A3-743E311323F1}.Debug|Any CPU.ActiveCfg = Debug|Any CPU
		{FBDE09F0-A281-42A6-B6A3-743E311323F1}.Debug|Any CPU.Build.0 = Debug|Any CPU
		{FBDE09F0-A281-42A6-B6A3-743E311323F1}.Release|Any CPU.ActiveCfg = Release|Any CPU
		{FBDE09F0-A281-42A6-B6A3-743E311323F1}.Release|Any CPU.Build.0 = Release|Any CPU
		{836648D8-793B-4728-8804-F49890389021}.Debug|Any CPU.ActiveCfg = Debug|Any CPU
		{836648D8-793B-4728-8804-F49890389021}.Debug|Any CPU.Build.0 = Debug|Any CPU
		{836648D8-793B-4728-8804-F49890389021}.Release|Any CPU.ActiveCfg = Release|Any CPU
		{836648D8-793B-4728-8804-F49890389021}.Release|Any CPU.Build.0 = Release|Any CPU
		{83B5D473-E507-486E-B593-AC79038CDAEC}.Debug|Any CPU.ActiveCfg = Debug|Any CPU
		{83B5D473-E507-486E-B593-AC79038CDAEC}.Debug|Any CPU.Build.0 = Debug|Any CPU
		{83B5D473-E507-486E-B593-AC79038CDAEC}.Release|Any CPU.ActiveCfg = Release|Any CPU
		{83B5D473-E507-486E-B593-AC79038CDAEC}.Release|Any CPU.Build.0 = Release|Any CPU
		{CBEB60E3-FB50-454B-BB51-993C7F9EC4E6}.Debug|Any CPU.ActiveCfg = Debug|Any CPU
		{CBEB60E3-FB50-454B-BB51-993C7F9EC4E6}.Debug|Any CPU.Build.0 = Debug|Any CPU
		{CBEB60E3-FB50-454B-BB51-993C7F9EC4E6}.Release|Any CPU.ActiveCfg = Release|Any CPU
		{CBEB60E3-FB50-454B-BB51-993C7F9EC4E6}.Release|Any CPU.Build.0 = Release|Any CPU
		{1ADEF882-4613-4E2B-AE60-5CB78EA717E6}.Debug|Any CPU.ActiveCfg = Debug|Any CPU
		{1ADEF882-4613-4E2B-AE60-5CB78EA717E6}.Debug|Any CPU.Build.0 = Debug|Any CPU
		{1ADEF882-4613-4E2B-AE60-5CB78EA717E6}.Release|Any CPU.ActiveCfg = Release|Any CPU
		{1ADEF882-4613-4E2B-AE60-5CB78EA717E6}.Release|Any CPU.Build.0 = Release|Any CPU
		{AC6573DF-8020-4B3C-8D0F-0ED79E04DB40}.Debug|Any CPU.ActiveCfg = Debug|Any CPU
		{AC6573DF-8020-4B3C-8D0F-0ED79E04DB40}.Debug|Any CPU.Build.0 = Debug|Any CPU
		{AC6573DF-8020-4B3C-8D0F-0ED79E04DB40}.Release|Any CPU.ActiveCfg = Release|Any CPU
		{AC6573DF-8020-4B3C-8D0F-0ED79E04DB40}.Release|Any CPU.Build.0 = Release|Any CPU
		{863DE0CF-332D-4541-B399-EAA9C692C239}.Debug|Any CPU.ActiveCfg = Debug|Any CPU
		{863DE0CF-332D-4541-B399-EAA9C692C239}.Debug|Any CPU.Build.0 = Debug|Any CPU
		{863DE0CF-332D-4541-B399-EAA9C692C239}.Release|Any CPU.ActiveCfg = Release|Any CPU
		{863DE0CF-332D-4541-B399-EAA9C692C239}.Release|Any CPU.Build.0 = Release|Any CPU
		{C94F5E11-1714-450A-B5EA-2115A6910FC8}.Debug|Any CPU.ActiveCfg = Debug|Any CPU
		{C94F5E11-1714-450A-B5EA-2115A6910FC8}.Debug|Any CPU.Build.0 = Debug|Any CPU
		{C94F5E11-1714-450A-B5EA-2115A6910FC8}.Release|Any CPU.ActiveCfg = Release|Any CPU
		{C94F5E11-1714-450A-B5EA-2115A6910FC8}.Release|Any CPU.Build.0 = Release|Any CPU
		{61D96BEB-CA46-4D42-9968-4C00AB1052B8}.Debug|Any CPU.ActiveCfg = Debug|Any CPU
		{61D96BEB-CA46-4D42-9968-4C00AB1052B8}.Debug|Any CPU.Build.0 = Debug|Any CPU
		{61D96BEB-CA46-4D42-9968-4C00AB1052B8}.Release|Any CPU.ActiveCfg = Release|Any CPU
		{61D96BEB-CA46-4D42-9968-4C00AB1052B8}.Release|Any CPU.Build.0 = Release|Any CPU
		{F7126F35-1349-4628-964A-922A61102416}.Debug|Any CPU.ActiveCfg = Debug|Any CPU
		{F7126F35-1349-4628-964A-922A61102416}.Debug|Any CPU.Build.0 = Debug|Any CPU
		{F7126F35-1349-4628-964A-922A61102416}.Release|Any CPU.ActiveCfg = Release|Any CPU
		{F7126F35-1349-4628-964A-922A61102416}.Release|Any CPU.Build.0 = Release|Any CPU
	EndGlobalSection
	GlobalSection(SolutionProperties) = preSolution
		HideSolutionNode = FALSE
	EndGlobalSection
	GlobalSection(ExtensibilityGlobals) = postSolution
		SolutionGuid = {433568FB-E895-4CEF-AFD1-8E8A25B76D89}
	EndGlobalSection
EndGlobal
