
Microsoft Visual Studio Solution File, Format Version 12.00
# Visual Studio Version 17
VisualStudioVersion = 17.3.32819.101
MinimumVisualStudioVersion = 10.0.40219.1
Project("{FAE04EC0-301F-11D3-BF4B-00C04F79EFBC}") = "SHBL.SPT.Model", "SHBL.SPT.Model\SHBL.SPT.Model.csproj", "{FBDE09F0-A281-42A6-B6A3-743E311323F1}"
EndProject
Project("{FAE04EC0-301F-11D3-BF4B-00C04F79EFBC}") = "SHBL.SPT.DAL", "SHBL.SPT.DAL\SHBL.SPT.DAL.csproj", "{836648D8-793B-4728-8804-F49890389021}"
EndProject
Project("{FAE04EC0-301F-11D3-BF4B-00C04F79EFBC}") = "SHBL.SPT.UI.WebApi", "SHBL.SPT.Web.Api\SHBL.SPT.UI.WebApi.csproj", "{83B5D473-E507-486E-B593-AC79038CDAEC}"
EndProject
Project("{FAE04EC0-301F-11D3-BF4B-00C04F79EFBC}") = "SHBL.SPT.Web.UI", "SHBL.SPT.Web.UI\SHBL.SPT.Web.UI.csproj", "{AC6573DF-8020-4B3C-8D0F-0ED79E04DB40}"
EndProject
Project("{FAE04EC0-301F-11D3-BF4B-00C04F79EFBC}") = "SHBL.SPT.UI.Model", "SHBL.SPT.UI.Model\SHBL.SPT.UI.Model.csproj", "{863DE0CF-332D-4541-B399-EAA9C692C239}"
EndProject
Project("{FAE04EC0-301F-11D3-BF4B-00C04F79EFBC}") = "SHBL.SPT.Business", "SHBL.SPT.Business\SHBL.SPT.Business.csproj", "{61D96BEB-CA46-4D42-9968-4C00AB1052B8}"
EndProject
Global
	GlobalSection(SolutionConfigurationPlatforms) = preSolution
		Debug|Any CPU = Debug|Any CPU
		Release|Any CPU = Release|Any CPU
	EndGlobalSection
	GlobalSection(ProjectConfigurationPlatforms) = postSolution
		{FBDE09F0-A281-42A6-B6A3-743E311323F1}.Debug|Any CPU.ActiveCfg = Debug|Any CPU
		{FBDE09F0-A281-42A6-B6A3-743E311323F1}.Debug|Any CPU.Build.0 = Debug|Any CPU
		{FBDE09F0-A281-42A6-B6A3-743E311323F1}.Release|Any CPU.ActiveCfg = Release|Any CPU
		{FBDE09F0-A281-42A6-B6A3-743E311323F1}.Release|Any CPU.Build.0 = Release|Any CPU
		{836648D8-793B-4728-8804-F49890389021}.Debug|Any CPU.ActiveCfg = Debug|Any CPU
		{836648D8-793B-4728-8804-F49890389021}.Debug|Any CPU.Build.0 = Debug|Any CPU
		{836648D8-793B-4728-8804-F49890389021}.Release|Any CPU.ActiveCfg = Release|Any CPU
		{836648D8-793B-4728-8804-F49890389021}.Release|Any CPU.Build.0 = Release|Any CPU
		{83B5D473-E507-486E-B593-AC79038CDAEC}.Debug|Any CPU.ActiveCfg = Debug|Any CPU
		{83B5D473-E507-486E-B593-AC79038CDAEC}.Debug|Any CPU.Build.0 = Debug|Any CPU
		{83B5D473-E507-486E-B593-AC79038CDAEC}.Release|Any CPU.ActiveCfg = Release|Any CPU
		{83B5D473-E507-486E-B593-AC79038CDAEC}.Release|Any CPU.Build.0 = Release|Any CPU
		{AC6573DF-8020-4B3C-8D0F-0ED79E04DB40}.Debug|Any CPU.ActiveCfg = Debug|Any CPU
		{AC6573DF-8020-4B3C-8D0F-0ED79E04DB40}.Debug|Any CPU.Build.0 = Debug|Any CPU
		{AC6573DF-8020-4B3C-8D0F-0ED79E04DB40}.Release|Any CPU.ActiveCfg = Release|Any CPU
		{AC6573DF-8020-4B3C-8D0F-0ED79E04DB40}.Release|Any CPU.Build.0 = Release|Any CPU
		{863DE0CF-332D-4541-B399-EAA9C692C239}.Debug|Any CPU.ActiveCfg = Debug|Any CPU
		{863DE0CF-332D-4541-B399-EAA9C692C239}.Debug|Any CPU.Build.0 = Debug|Any CPU
		{863DE0CF-332D-4541-B399-EAA9C692C239}.Release|Any CPU.ActiveCfg = Release|Any CPU
		{863DE0CF-332D-4541-B399-EAA9C692C239}.Release|Any CPU.Build.0 = Release|Any CPU
		{61D96BEB-CA46-4D42-9968-4C00AB1052B8}.Debug|Any CPU.ActiveCfg = Debug|Any CPU
		{61D96BEB-CA46-4D42-9968-4C00AB1052B8}.Debug|Any CPU.Build.0 = Debug|Any CPU
		{61D96BEB-CA46-4D42-9968-4C00AB1052B8}.Release|Any CPU.ActiveCfg = Release|Any CPU
		{61D96BEB-CA46-4D42-9968-4C00AB1052B8}.Release|Any CPU.Build.0 = Release|Any CPU
	EndGlobalSection
	GlobalSection(SolutionProperties) = preSolution
		HideSolutionNode = FALSE
	EndGlobalSection
	GlobalSection(ExtensibilityGlobals) = postSolution
		SolutionGuid = {433568FB-E895-4CEF-AFD1-8E8A25B76D89}
	EndGlobalSection
EndGlobal
